github.com/chenjiandongx/go-echarts v0.0.0-20190505134951-efed598bc07c h1:8s27sylMxDf8saCN644N485GN3XPZLnb1M10SqnU48E=
github.com/chenjiandongx/go-echarts v0.0.0-20190505134951-efed598bc07c/go.mod h1:em9DXSXDwaHYspiqZRx3aXk8xgpj+w6EhWni7PGb8/E=
github.com/nfnt/resize v0.0.0-20180221191011-83c6a9932646 h1:zYyBkD/k9seD2A7fsi6Oo2LfFZAehjjQMERAvZLEDnQ=
github.com/nfnt/resize v0.0.0-20180221191011-83c6a9932646/go.mod h1:jpp1/29i3P1S/RLdc7JQKbRpFeM1dOBd8T9ki5s+AY8=
